
Microsoft Visual Studio Solution File, Format Version 12.00
# Visual Studio Version 16
VisualStudioVersion = 16.0.31729.503
MinimumVisualStudioVersion = 10.0.40219.1
Project("{FAE04EC0-301F-11D3-BF4B-00C04F79EFBC}") = "ĐỒÁN_LTUD-QuanLyNVCongTy", "ĐỒÁN_LTUD-QuanLyNVCongTy\ĐỒÁN_LTUD-QuanLyNVCongTy.csproj", "{38053C6A-1E1B-43D6-8D64-6CFEDD80B060}"
EndProject
Global
	GlobalSection(SolutionConfigurationPlatforms) = preSolution
		Debug|Any CPU = Debug|Any CPU
		Release|Any CPU = Release|Any CPU
	EndGlobalSection
	GlobalSection(ProjectConfigurationPlatforms) = postSolution
		{38053C6A-1E1B-43D6-8D64-6CFEDD80B060}.Debug|Any CPU.ActiveCfg = Debug|Any CPU
		{38053C6A-1E1B-43D6-8D64-6CFEDD80B060}.Debug|Any CPU.Build.0 = Debug|Any CPU
		{38053C6A-1E1B-43D6-8D64-6CFEDD80B060}.Release|Any CPU.ActiveCfg = Release|Any CPU
		{38053C6A-1E1B-43D6-8D64-6CFEDD80B060}.Release|Any CPU.Build.0 = Release|Any CPU
	EndGlobalSection
	GlobalSection(SolutionProperties) = preSolution
		HideSolutionNode = FALSE
	EndGlobalSection
	GlobalSection(ExtensibilityGlobals) = postSolution
		SolutionGuid = {ACE388C1-2D13-4CEA-879C-CF74CB17BF26}
	EndGlobalSection
EndGlobal
